hash: a36836ca22a686a7b96275f12b5eaaf48a88e38e8702c13413bd6b262e97604e
updated: 2016-09-23T21:35:55.656010411+09:00
imports:
- name: github.com/chzyer/readline
  version: 62c6fe6193755f722b8b8788aa7357be55a50ff1
- name: github.com/gorilla/websocket
  version: 1f512fc3f05332ba7117626cdfb4e07474e58e60
testImports: []
